
Microsoft Visual Studio Solution File, Format Version 12.00
# Visual Studio Version 16
VisualStudioVersion = 16.0.28803.202
MinimumVisualStudioVersion = 10.0.40219.1
Project("{FAE04EC0-301F-11D3-BF4B-00C04F79EFBC}") = "KeyRepeater", "KeyReapeater\KeyRepeater.csproj", "{3D6F20DB-BC4E-474B-867D-AFB422F80B5C}"
EndProject
Global
	GlobalSection(SolutionConfigurationPlatforms) = preSolution
		Debug|Any CPU = Debug|Any CPU
		Release|Any CPU = Release|Any CPU
	EndGlobalSection
	GlobalSection(ProjectConfigurationPlatforms) = postSolution
		{3D6F20DB-BC4E-474B-867D-AFB422F80B5C}.Debug|Any CPU.ActiveCfg = Debug|Any CPU
		{3D6F20DB-BC4E-474B-867D-AFB422F80B5C}.Debug|Any CPU.Build.0 = Debug|Any CPU
		{3D6F20DB-BC4E-474B-867D-AFB422F80B5C}.Release|Any CPU.ActiveCfg = Release|Any CPU
		{3D6F20DB-BC4E-474B-867D-AFB422F80B5C}.Release|Any CPU.Build.0 = Release|Any CPU
	EndGlobalSection
	GlobalSection(SolutionProperties) = preSolution
		HideSolutionNode = FALSE
	EndGlobalSection
	GlobalSection(ExtensibilityGlobals) = postSolution
		SolutionGuid = {087764EB-E492-4C47-AFD5-98571E071798}
	EndGlobalSection
EndGlobal
